<Solution>
  <Folder Name="/src/" />
  <Folder Name="/src/BuildingBlocks/">
    <Project Path="PharmacyContracts.SharedKernel/PharmacyContracts.SharedKernel.csproj" />
  </Folder>
  <Folder Name="/src/Host/">
    <Project Path="PharmacyContracts.Api/PharmacyContracts.Api.csproj" />
  </Folder>
  <Folder Name="/src/Modules/" />
  <Folder Name="/src/Modules/Auth/">
    <Project Path="PharmacyContracts.Modules.Auth.Api/PharmacyContracts.Modules.Auth.Api.csproj" Id="2e0e37d4-9a03-462d-bd9e-c148ebc8dbb6" />
    <Project Path="PharmacyContracts.Modules.Auth.Application/PharmacyContracts.Modules.Auth.Application.csproj" />
    <Project Path="PharmacyContracts.Modules.Auth.Domain/PharmacyContracts.Modules.Auth.Domain.csproj" />
    <Project Path="PharmacyContracts.Modules.Auth.Infrastructure/PharmacyContracts.Modules.Auth.Infrastructure.csproj" />
  </Folder>
  <Folder Name="/src/Modules/Companies/">
    <Project Path="PharmacyContracts.Modules.Companies.Api/PharmacyContracts.Modules.Companies.Api.csproj" Id="116f5522-d931-40f8-8ecd-7b629b2e824b" />
    <Project Path="PharmacyContracts.Modules.Companies.Application/PharmacyContracts.Modules.Companies.Application.csproj" Id="9c834c51-0b54-4bda-9368-2698a6ca4aef" />
    <Project Path="PharmacyContracts.Modules.Companies.Domain/PharmacyContracts.Modules.Companies.Domain.csproj" Id="ecefe973-4f1d-4a7b-a0db-e0445de74603" />
    <Project Path="PharmacyContracts.Modules.Companies.Infrastructure/PharmacyContracts.Modules.Companies.Infrastructure.csproj" Id="01722da4-bc8f-48d4-9d6a-b745c4067683" />
  </Folder>
  <Folder Name="/src/Modules/Sales/">
    <Project Path="PharmacyContracts.Modules.Sales.Api/PharmacyContracts.Modules.Sales.Api.csproj" Id="6919332d-8da1-455c-8e7c-715b9dddd435" />
    <Project Path="PharmacyContracts.Modules.Sales.Application/PharmacyContracts.Modules.Sales.Application.csproj" Id="42e7f035-1096-45a9-a0c9-99ba1e6d15c3" />
    <Project Path="PharmacyContracts.Modules.Sales.Domain/PharmacyContracts.Modules.Sales.Domain.csproj" Id="bc55ed4d-70d0-4615-9c56-3c6f8013247e" />
    <Project Path="PharmacyContracts.Modules.Sales.Infrastructure/PharmacyContracts.Modules.Sales.Infrastructure.csproj" Id="7d0d5fa7-8aa4-4108-9ab4-0554ba122aa8" />
  </Folder>
</Solution>
